
Microsoft Visual Studio Solution File, Format Version 10.00
# Visual Studio 2008
Project("{8BC9CEB8-8B4A-11D0-8D11-00A0C91BC942}") = "SyncThread", "SyncThread\SyncThread.vcproj", "{5C412006-4FEF-43CF-82A7-EB660958D8D2}"
EndProject
Global
	GlobalSection(SolutionConfigurationPlatforms) = preSolution
		Debug|NewQoMobileSDK (ARMV4I) = Debug|NewQoMobileSDK (ARMV4I)
		Debug|OK210_CE6_SDK (ARMV4I) = Debug|OK210_CE6_SDK (ARMV4I)
		Debug|TE6410 Board (ARMV4I) = Debug|TE6410 Board (ARMV4I)
		Release|NewQoMobileSDK (ARMV4I) = Release|NewQoMobileSDK (ARMV4I)
		Release|OK210_CE6_SDK (ARMV4I) = Release|OK210_CE6_SDK (ARMV4I)
		Release|TE6410 Board (ARMV4I) = Release|TE6410 Board (ARMV4I)
	EndGlobalSection
	GlobalSection(ProjectConfigurationPlatforms) = postSolution
		{5C412006-4FEF-43CF-82A7-EB660958D8D2}.Debug|NewQoMobileSDK (ARMV4I).ActiveCfg = Debug|OK210_CE6_SDK (ARMV4I)
		{5C412006-4FEF-43CF-82A7-EB660958D8D2}.Debug|OK210_CE6_SDK (ARMV4I).ActiveCfg = Debug|OK210_CE6_SDK (ARMV4I)
		{5C412006-4FEF-43CF-82A7-EB660958D8D2}.Debug|OK210_CE6_SDK (ARMV4I).Build.0 = Debug|OK210_CE6_SDK (ARMV4I)
		{5C412006-4FEF-43CF-82A7-EB660958D8D2}.Debug|OK210_CE6_SDK (ARMV4I).Deploy.0 = Debug|OK210_CE6_SDK (ARMV4I)
		{5C412006-4FEF-43CF-82A7-EB660958D8D2}.Debug|TE6410 Board (ARMV4I).ActiveCfg = Debug|TE6410 Board (ARMV4I)
		{5C412006-4FEF-43CF-82A7-EB660958D8D2}.Debug|TE6410 Board (ARMV4I).Build.0 = Debug|TE6410 Board (ARMV4I)
		{5C412006-4FEF-43CF-82A7-EB660958D8D2}.Debug|TE6410 Board (ARMV4I).Deploy.0 = Debug|TE6410 Board (ARMV4I)
		{5C412006-4FEF-43CF-82A7-EB660958D8D2}.Release|NewQoMobileSDK (ARMV4I).ActiveCfg = Release|OK210_CE6_SDK (ARMV4I)
		{5C412006-4FEF-43CF-82A7-EB660958D8D2}.Release|OK210_CE6_SDK (ARMV4I).ActiveCfg = Release|OK210_CE6_SDK (ARMV4I)
		{5C412006-4FEF-43CF-82A7-EB660958D8D2}.Release|OK210_CE6_SDK (ARMV4I).Build.0 = Release|OK210_CE6_SDK (ARMV4I)
		{5C412006-4FEF-43CF-82A7-EB660958D8D2}.Release|OK210_CE6_SDK (ARMV4I).Deploy.0 = Release|OK210_CE6_SDK (ARMV4I)
		{5C412006-4FEF-43CF-82A7-EB660958D8D2}.Release|TE6410 Board (ARMV4I).ActiveCfg = Release|TE6410 Board (ARMV4I)
		{5C412006-4FEF-43CF-82A7-EB660958D8D2}.Release|TE6410 Board (ARMV4I).Build.0 = Release|TE6410 Board (ARMV4I)
		{5C412006-4FEF-43CF-82A7-EB660958D8D2}.Release|TE6410 Board (ARMV4I).Deploy.0 = Release|TE6410 Board (ARMV4I)
	EndGlobalSection
	GlobalSection(SolutionProperties) = preSolution
		HideSolutionNode = FALSE
	EndGlobalSection
EndGlobal
